<?xml version="1.0" encoding="utf-8"?>
<Project ToolsVersion="4.0" xmlns="http://schemas.microsoft.com/developer/msbuild/2003">
  <ItemGroup>
    <Filter Include="Source Files">
      <UniqueIdentifier>{4FC737F1-C7A5-4376-A066-2A32D752A2FF}</UniqueIdentifier>
      <Extensions>cpp;c;cc;cxx;def;odl;idl;hpj;bat;asm;asmx</Extensions>
    </Filter>
    <Filter Include="Header Files">
      <UniqueIdentifier>{93995380-89BD-4b04-88EB-625FBE52EBFB}</UniqueIdentifier>
      <Extensions>h;hpp;hxx;hm;inl;inc;xsd</Extensions>
    </Filter>
    <Filter Include="Resource Files">
      <UniqueIdentifier>{67DA6AB6-F800-4c08-8B7A-83BB121AAD01}</UniqueIdentifier>
      <Extensions>rc;ico;cur;bmp;dlg;rc2;rct;bin;rgs;gif;jpg;jpeg;jpe;resx;tiff;tif;png;wav</Extensions>
    </Filter>
  </ItemGroup>
  <ItemGroup>
    <ClCompile Include="CodeContainer.cpp">
      <Filter>Source Files</Filter>
    </ClCompile>
    <ClCompile Include="CodeNode.cpp">
      <Filter>Source Files</Filter>
    </ClCompile>
    <ClCompile Include="CodeView.cpp">
      <Filter>Source Files</Filter>
    </ClCompile>
    <ClCompile Include="CodezBank.cpp">
      <Filter>Source Files</Filter>
    </ClCompile>
    <ClCompile Include="CodezBankDoc.cpp">
      <Filter>Source Files</Filter>
    </ClCompile>
    <ClCompile Include="CodezBankView.cpp">
      <Filter>Source Files</Filter>
    </ClCompile>
    <ClCompile Include="LeftView.cpp">
      <Filter>Source Files</Filter>
    </ClCompile>
    <ClCompile Include="MainFrm.cpp">
      <Filter>Source Files</Filter>
    </ClCompile>
    <ClCompile Include="MultiViewSplitterWnd.cpp">
      <Filter>Source Files</Filter>
    </ClCompile>
    <ClCompile Include="NotesView.cpp">
      <Filter>Source Files</Filter>
    </ClCompile>
    <ClCompile Include="stdafx.cpp">
      <Filter>Source Files</Filter>
    </ClCompile>
    <ClCompile Include="SyntaxColorView.cpp">
      <Filter>Source Files</Filter>
    </ClCompile>
    <ClCompile Include="AppPropSheet.cpp">
      <Filter>Source Files</Filter>
    </ClCompile>
    <ClCompile Include="DlgBanner.cpp">
      <Filter>Source Files</Filter>
    </ClCompile>
    <ClCompile Include="GeneralPropPage.cpp">
      <Filter>Source Files</Filter>
    </ClCompile>
    <ClCompile Include="SyntaxParser.cpp">
      <Filter>Source Files</Filter>
    </ClCompile>
    <ClCompile Include="TextEditPropPage.cpp">
      <Filter>Source Files</Filter>
    </ClCompile>
  </ItemGroup>
  <ItemGroup>
    <ClInclude Include="CodeContainer.h">
      <Filter>Header Files</Filter>
    </ClInclude>
    <ClInclude Include="CodeNode.h">
      <Filter>Header Files</Filter>
    </ClInclude>
    <ClInclude Include="CodeView.h">
      <Filter>Header Files</Filter>
    </ClInclude>
    <ClInclude Include="CodezBank.h">
      <Filter>Header Files</Filter>
    </ClInclude>
    <ClInclude Include="CodezBankDoc.h">
      <Filter>Header Files</Filter>
    </ClInclude>
    <ClInclude Include="CodezBankView.h">
      <Filter>Header Files</Filter>
    </ClInclude>
    <ClInclude Include="FileProperties.h">
      <Filter>Header Files</Filter>
    </ClInclude>
    <ClInclude Include="LeftView.h">
      <Filter>Header Files</Filter>
    </ClInclude>
    <ClInclude Include="MainFrm.h">
      <Filter>Header Files</Filter>
    </ClInclude>
    <ClInclude Include="MultiViewSplitterWnd.h">
      <Filter>Header Files</Filter>
    </ClInclude>
    <ClInclude Include="NotesView.h">
      <Filter>Header Files</Filter>
    </ClInclude>
    <ClInclude Include="Resource.h">
      <Filter>Header Files</Filter>
    </ClInclude>
    <ClInclude Include="stdafx.h">
      <Filter>Header Files</Filter>
    </ClInclude>
    <ClInclude Include="SyntaxColorView.h">
      <Filter>Header Files</Filter>
    </ClInclude>
    <ClInclude Include="TitleBar.h">
      <Filter>Header Files</Filter>
    </ClInclude>
    <ClInclude Include="undo.h">
      <Filter>Header Files</Filter>
    </ClInclude>
    <ClInclude Include="wndpos.h">
      <Filter>Header Files</Filter>
    </ClInclude>
    <ClInclude Include="AppPropSheet.h">
      <Filter>Header Files</Filter>
    </ClInclude>
    <ClInclude Include="DlgBanner.h">
      <Filter>Header Files</Filter>
    </ClInclude>
    <ClInclude Include="GeneralPropPage.h">
      <Filter>Header Files</Filter>
    </ClInclude>
    <ClInclude Include="SyntaxParser.h">
      <Filter>Header Files</Filter>
    </ClInclude>
    <ClInclude Include="TextEditPropPage.h">
      <Filter>Header Files</Filter>
    </ClInclude>
  </ItemGroup>
  <ItemGroup>
    <Image Include="res\code.ico">
      <Filter>Resource Files</Filter>
    </Image>
    <Image Include="res\code2.ico">
      <Filter>Resource Files</Filter>
    </Image>
    <Image Include="res\CodezBank.ico">
      <Filter>Resource Files</Filter>
    </Image>
    <Image Include="res\CodezBankDoc.ico">
      <Filter>Resource Files</Filter>
    </Image>
    <Image Include="res\open_fold.ico">
      <Filter>Resource Files</Filter>
    </Image>
    <Image Include="res\Toolbar.bmp">
      <Filter>Resource Files</Filter>
    </Image>
    <Image Include="res\toolbar256.bmp">
      <Filter>Resource Files</Filter>
    </Image>
    <Image Include="res\toolbar256_gary.bmp">
      <Filter>Resource Files</Filter>
    </Image>
    <Image Include="res\toolbar256_hot.bmp">
      <Filter>Resource Files</Filter>
    </Image>
    <Image Include="res\HeaderPat_1.BMP">
      <Filter>Resource Files</Filter>
    </Image>
    <Image Include="res\HeaderPat_2.bmp">
      <Filter>Resource Files</Filter>
    </Image>
    <Image Include="res\HeaderPat_3.BMP">
      <Filter>Resource Files</Filter>
    </Image>
    <Image Include="res\HeaderPat_4.BMP">
      <Filter>Resource Files</Filter>
    </Image>
    <Image Include="res\options.bmp">
      <Filter>Resource Files</Filter>
    </Image>
  </ItemGroup>
  <ItemGroup>
    <ResourceCompile Include="CodezBank.rc">
      <Filter>Resource Files</Filter>
    </ResourceCompile>
  </ItemGroup>
  <ItemGroup>
    <None Include="res\CodezBank.rc2">
      <Filter>Resource Files</Filter>
    </None>
    <None Include="CodezBank.reg" />
  </ItemGroup>
  <ItemGroup>
    <Text Include="ReadMe.txt" />
  </ItemGroup>
</Project>